
Microsoft Visual Studio Solution File, Format Version 12.00
# Visual Studio Version 17
VisualStudioVersion = 17.0.31903.59
MinimumVisualStudioVersion = 10.0.40219.1
Project("{FAE04EC0-301F-11D3-BF4B-00C04F79EFBC}") = "Dominio", "Dominio\Dominio.csproj", "{7B3474E4-D859-40AA-8144-B927D3238D13}"
EndProject
Project("{FAE04EC0-301F-11D3-BF4B-00C04F79EFBC}") = "Persistencia", "Persistencia\Persistencia.csproj", "{3B9DD07B-F052-4E6B-AAD1-BC0F8BAF2DE6}"
EndProject
Project("{FAE04EC0-301F-11D3-BF4B-00C04F79EFBC}") = "Api", "Api\Api.csproj", "{8FC653B5-FF87-4117-935B-CA89EB4348E3}"
EndProject
Project("{FAE04EC0-301F-11D3-BF4B-00C04F79EFBC}") = "Aplicacion", "Aplicacion\Aplicacion.csproj", "{234B46DF-058C-4454-9E77-E2F46BD60A3B}"
EndProject
Global
	GlobalSection(SolutionConfigurationPlatforms) = preSolution
		Debug|Any CPU = Debug|Any CPU
		Release|Any CPU = Release|Any CPU
	EndGlobalSection
	GlobalSection(SolutionProperties) = preSolution
		HideSolutionNode = FALSE
	EndGlobalSection
	GlobalSection(ProjectConfigurationPlatforms) = postSolution
		{7B3474E4-D859-40AA-8144-B927D3238D13}.Debug|Any CPU.ActiveCfg = Debug|Any CPU
		{7B3474E4-D859-40AA-8144-B927D3238D13}.Debug|Any CPU.Build.0 = Debug|Any CPU
		{7B3474E4-D859-40AA-8144-B927D3238D13}.Release|Any CPU.ActiveCfg = Release|Any CPU
		{7B3474E4-D859-40AA-8144-B927D3238D13}.Release|Any CPU.Build.0 = Release|Any CPU
		{3B9DD07B-F052-4E6B-AAD1-BC0F8BAF2DE6}.Debug|Any CPU.ActiveCfg = Debug|Any CPU
		{3B9DD07B-F052-4E6B-AAD1-BC0F8BAF2DE6}.Debug|Any CPU.Build.0 = Debug|Any CPU
		{3B9DD07B-F052-4E6B-AAD1-BC0F8BAF2DE6}.Release|Any CPU.ActiveCfg = Release|Any CPU
		{3B9DD07B-F052-4E6B-AAD1-BC0F8BAF2DE6}.Release|Any CPU.Build.0 = Release|Any CPU
		{8FC653B5-FF87-4117-935B-CA89EB4348E3}.Debug|Any CPU.ActiveCfg = Debug|Any CPU
		{8FC653B5-FF87-4117-935B-CA89EB4348E3}.Debug|Any CPU.Build.0 = Debug|Any CPU
		{8FC653B5-FF87-4117-935B-CA89EB4348E3}.Release|Any CPU.ActiveCfg = Release|Any CPU
		{8FC653B5-FF87-4117-935B-CA89EB4348E3}.Release|Any CPU.Build.0 = Release|Any CPU
		{234B46DF-058C-4454-9E77-E2F46BD60A3B}.Debug|Any CPU.ActiveCfg = Debug|Any CPU
		{234B46DF-058C-4454-9E77-E2F46BD60A3B}.Debug|Any CPU.Build.0 = Debug|Any CPU
		{234B46DF-058C-4454-9E77-E2F46BD60A3B}.Release|Any CPU.ActiveCfg = Release|Any CPU
		{234B46DF-058C-4454-9E77-E2F46BD60A3B}.Release|Any CPU.Build.0 = Release|Any CPU
	EndGlobalSection
EndGlobal
